
Microsoft Visual Studio Solution File, Format Version 11.00
# Visual Studio 2010
Project("{FAE04EC0-301F-11D3-BF4B-00C04F79EFBC}") = "CastAs", "CastAs\CastAs.csproj", "{6CB92A13-FB66-4F89-95A4-DC5D7B9FC4CC}"
EndProject
Project("{FAE04EC0-301F-11D3-BF4B-00C04F79EFBC}") = "CastAs.Tests", "CastAs.Tests\CastAs.Tests.csproj", "{F458375E-FEF4-49BD-AE45-C6A145AE48E3}"
EndProject
Global
	GlobalSection(SolutionConfigurationPlatforms) = preSolution
		Debug|Any CPU = Debug|Any CPU
		Release|Any CPU = Release|Any CPU
	EndGlobalSection
	GlobalSection(ProjectConfigurationPlatforms) = postSolution
		{6CB92A13-FB66-4F89-95A4-DC5D7B9FC4CC}.Debug|Any CPU.ActiveCfg = Debug|Any CPU
		{6CB92A13-FB66-4F89-95A4-DC5D7B9FC4CC}.Debug|Any CPU.Build.0 = Debug|Any CPU
		{6CB92A13-FB66-4F89-95A4-DC5D7B9FC4CC}.Release|Any CPU.ActiveCfg = Release|Any CPU
		{6CB92A13-FB66-4F89-95A4-DC5D7B9FC4CC}.Release|Any CPU.Build.0 = Release|Any CPU
		{F458375E-FEF4-49BD-AE45-C6A145AE48E3}.Debug|Any CPU.ActiveCfg = Debug|Any CPU
		{F458375E-FEF4-49BD-AE45-C6A145AE48E3}.Debug|Any CPU.Build.0 = Debug|Any CPU
		{F458375E-FEF4-49BD-AE45-C6A145AE48E3}.Release|Any CPU.ActiveCfg = Release|Any CPU
		{F458375E-FEF4-49BD-AE45-C6A145AE48E3}.Release|Any CPU.Build.0 = Release|Any CPU
	EndGlobalSection
	GlobalSection(SolutionProperties) = preSolution
		HideSolutionNode = FALSE
	EndGlobalSection
EndGlobal
